
Microsoft Visual Studio Solution File, Format Version 12.00
Project("{2150E333-8FDC-42A3-9474-1A3956D46DE8}") = "Solution Items", "Solution Items", "{616D6969-1485-4832-9939-E1BF2DC952CF}"
	ProjectSection(SolutionItems) = preProject
		docker-compose.yaml = docker-compose.yaml
	EndProjectSection
EndProject
Project("{2150E333-8FDC-42A3-9474-1A3956D46DE8}") = "tests", "tests", "{0AB3BF05-4346-4AA6-1389-037BE0695223}"
EndProject
Project("{2150E333-8FDC-42A3-9474-1A3956D46DE8}") = "src", "src", "{827E0CD3-B72D-47B6-A68D-7590B98EB39B}"
EndProject
Project("{2150E333-8FDC-42A3-9474-1A3956D46DE8}") = "ApiGateway", "ApiGateway", "{FCA01246-F2C6-0AA7-D43F-FD13BE0B9D88}"
EndProject
Project("{FAE04EC0-301F-11D3-BF4B-00C04F79EFBC}") = "FavoriteRates.ApiGateway", "src\ApiGateway\FavoriteRates.ApiGateway\FavoriteRates.ApiGateway.csproj", "{3E48C7E7-34D8-4060-95F5-5A51564C8F6F}"
EndProject
Project("{2150E333-8FDC-42A3-9474-1A3956D46DE8}") = "FinanceService", "FinanceService", "{C8A81FA1-00A6-A89E-D121-D71451D98C8A}"
EndProject
Project("{FAE04EC0-301F-11D3-BF4B-00C04F79EFBC}") = "FavoriteRates.FinanceService", "src\FinanceService\FavoriteRates.FinanceService\FavoriteRates.FinanceService.csproj", "{BD5E5F8B-C967-4211-9A3B-76A2F28F0EFC}"
EndProject
Project("{FAE04EC0-301F-11D3-BF4B-00C04F79EFBC}") = "FavoriteRates.FinanceService.Application", "src\FinanceService\FavoriteRates.FinanceService.Application\FavoriteRates.FinanceService.Application.csproj", "{05CF752C-933B-43A3-85EE-C99D49552E63}"
EndProject
Project("{FAE04EC0-301F-11D3-BF4B-00C04F79EFBC}") = "FavoriteRates.FinanceService.Domain", "src\FinanceService\FavoriteRates.FinanceService.Domain\FavoriteRates.FinanceService.Domain.csproj", "{250BC302-B77E-4122-AA48-94910A46332F}"
EndProject
Project("{FAE04EC0-301F-11D3-BF4B-00C04F79EFBC}") = "FavoriteRates.FinanceService.Infrastructure", "src\FinanceService\FavoriteRates.FinanceService.Infrastructure\FavoriteRates.FinanceService.Infrastructure.csproj", "{18F767EE-0A0F-413A-A6F1-F087DAF6C4C2}"
EndProject
Project("{2150E333-8FDC-42A3-9474-1A3956D46DE8}") = "MigrationsService", "MigrationsService", "{2DE6B99F-25A9-E298-F955-32C80CB8FD08}"
EndProject
Project("{FAE04EC0-301F-11D3-BF4B-00C04F79EFBC}") = "FavoriteRates.MigrationsService", "src\MigrationsService\FavoriteRates.MigrationsService\FavoriteRates.MigrationsService.csproj", "{C43FDBC7-8C28-4D6A-8938-9FC07C897ABE}"
EndProject
Project("{2150E333-8FDC-42A3-9474-1A3956D46DE8}") = "Shared", "Shared", "{C8E42992-5E42-0C2B-DBFE-AA848D06431C}"
EndProject
Project("{FAE04EC0-301F-11D3-BF4B-00C04F79EFBC}") = "FavoriteRates.SharedLibrary", "src\Shared\FavoriteRates.SharedLibrary\FavoriteRates.SharedLibrary.csproj", "{09B1DFD0-7BA9-4C1C-8B10-869D00166740}"
EndProject
Project("{2150E333-8FDC-42A3-9474-1A3956D46DE8}") = "UsersService", "UsersService", "{A024EC37-967E-70DB-4828-DAA22AD1755C}"
EndProject
Project("{FAE04EC0-301F-11D3-BF4B-00C04F79EFBC}") = "FavoriteRates.UsersService", "src\UsersService\FavoriteRates.UsersService\FavoriteRates.UsersService.csproj", "{BD3E1600-71F6-4EDF-8A85-90C29018397D}"
EndProject
Project("{FAE04EC0-301F-11D3-BF4B-00C04F79EFBC}") = "FavoriteRates.UsersService.Application", "src\UsersService\FavoriteRates.UsersService.Application\FavoriteRates.UsersService.Application.csproj", "{0BDE119F-8ACE-49AA-BD86-9F67E4A334CD}"
EndProject
Project("{FAE04EC0-301F-11D3-BF4B-00C04F79EFBC}") = "FavoriteRates.UsersService.Domain", "src\UsersService\FavoriteRates.UsersService.Domain\FavoriteRates.UsersService.Domain.csproj", "{6150E37B-6810-4C30-ABB0-1EE5A98193B9}"
EndProject
Project("{FAE04EC0-301F-11D3-BF4B-00C04F79EFBC}") = "FavoriteRates.UsersService.Infrastructure", "src\UsersService\FavoriteRates.UsersService.Infrastructure\FavoriteRates.UsersService.Infrastructure.csproj", "{198A179B-462C-4B87-9145-6B6FF2CF9F97}"
EndProject
Project("{2150E333-8FDC-42A3-9474-1A3956D46DE8}") = "FinanceService", "FinanceService", "{92B05973-B819-301F-9979-D91AB9CA451B}"
EndProject
Project("{FAE04EC0-301F-11D3-BF4B-00C04F79EFBC}") = "FavoriteRates.FinanceService.UnitTests", "tests\FinanceService\FavoriteRates.FinanceService.UnitTests\FavoriteRates.FinanceService.UnitTests.csproj", "{21D10498-B0AE-4FA9-BB30-D130B613ADAB}"
EndProject
Project("{2150E333-8FDC-42A3-9474-1A3956D46DE8}") = "UsersService", "UsersService", "{62B5A032-8BA1-A919-5A93-A2FCBCA48205}"
EndProject
Project("{FAE04EC0-301F-11D3-BF4B-00C04F79EFBC}") = "FavoriteRates.UsersService.UnitTests", "tests\UsersService\FavoriteRates.UsersService.UnitTests\FavoriteRates.UsersService.UnitTests.csproj", "{698EB159-E0A9-4B27-AF3E-6A947699FCAE}"
EndProject
Project("{2150E333-8FDC-42A3-9474-1A3956D46DE8}") = "Shared", "Shared", "{D0D6B8B0-AC35-B3FA-0B96-A9B0E4A3253E}"
EndProject
Project("{FAE04EC0-301F-11D3-BF4B-00C04F79EFBC}") = "FavoriteRates.SharedLibrary.UnitTests", "tests\Shared\FavoriteRates.SharedLibrary.UnitTests\FavoriteRates.SharedLibrary.UnitTests.csproj", "{798DB646-747F-43EB-9A35-CE7A9DD92DDA}"
EndProject
Global
	GlobalSection(SolutionConfigurationPlatforms) = preSolution
		Debug|Any CPU = Debug|Any CPU
		Debug|x64 = Debug|x64
		Debug|x86 = Debug|x86
		Release|Any CPU = Release|Any CPU
		Release|x64 = Release|x64
		Release|x86 = Release|x86
	EndGlobalSection
	GlobalSection(ProjectConfigurationPlatforms) = postSolution
		{3E48C7E7-34D8-4060-95F5-5A51564C8F6F}.Debug|Any CPU.ActiveCfg = Debug|Any CPU
		{3E48C7E7-34D8-4060-95F5-5A51564C8F6F}.Debug|Any CPU.Build.0 = Debug|Any CPU
		{3E48C7E7-34D8-4060-95F5-5A51564C8F6F}.Debug|x64.ActiveCfg = Debug|Any CPU
		{3E48C7E7-34D8-4060-95F5-5A51564C8F6F}.Debug|x64.Build.0 = Debug|Any CPU
		{3E48C7E7-34D8-4060-95F5-5A51564C8F6F}.Debug|x86.ActiveCfg = Debug|Any CPU
		{3E48C7E7-34D8-4060-95F5-5A51564C8F6F}.Debug|x86.Build.0 = Debug|Any CPU
		{3E48C7E7-34D8-4060-95F5-5A51564C8F6F}.Release|Any CPU.ActiveCfg = Release|Any CPU
		{3E48C7E7-34D8-4060-95F5-5A51564C8F6F}.Release|Any CPU.Build.0 = Release|Any CPU
		{3E48C7E7-34D8-4060-95F5-5A51564C8F6F}.Release|x64.ActiveCfg = Release|Any CPU
		{3E48C7E7-34D8-4060-95F5-5A51564C8F6F}.Release|x64.Build.0 = Release|Any CPU
		{3E48C7E7-34D8-4060-95F5-5A51564C8F6F}.Release|x86.ActiveCfg = Release|Any CPU
		{3E48C7E7-34D8-4060-95F5-5A51564C8F6F}.Release|x86.Build.0 = Release|Any CPU
		{BD5E5F8B-C967-4211-9A3B-76A2F28F0EFC}.Debug|Any CPU.ActiveCfg = Debug|Any CPU
		{BD5E5F8B-C967-4211-9A3B-76A2F28F0EFC}.Debug|Any CPU.Build.0 = Debug|Any CPU
		{BD5E5F8B-C967-4211-9A3B-76A2F28F0EFC}.Debug|x64.ActiveCfg = Debug|Any CPU
		{BD5E5F8B-C967-4211-9A3B-76A2F28F0EFC}.Debug|x64.Build.0 = Debug|Any CPU
		{BD5E5F8B-C967-4211-9A3B-76A2F28F0EFC}.Debug|x86.ActiveCfg = Debug|Any CPU
		{BD5E5F8B-C967-4211-9A3B-76A2F28F0EFC}.Debug|x86.Build.0 = Debug|Any CPU
		{BD5E5F8B-C967-4211-9A3B-76A2F28F0EFC}.Release|Any CPU.ActiveCfg = Release|Any CPU
		{BD5E5F8B-C967-4211-9A3B-76A2F28F0EFC}.Release|Any CPU.Build.0 = Release|Any CPU
		{BD5E5F8B-C967-4211-9A3B-76A2F28F0EFC}.Release|x64.ActiveCfg = Release|Any CPU
		{BD5E5F8B-C967-4211-9A3B-76A2F28F0EFC}.Release|x64.Build.0 = Release|Any CPU
		{BD5E5F8B-C967-4211-9A3B-76A2F28F0EFC}.Release|x86.ActiveCfg = Release|Any CPU
		{BD5E5F8B-C967-4211-9A3B-76A2F28F0EFC}.Release|x86.Build.0 = Release|Any CPU
		{05CF752C-933B-43A3-85EE-C99D49552E63}.Debug|Any CPU.ActiveCfg = Debug|Any CPU
		{05CF752C-933B-43A3-85EE-C99D49552E63}.Debug|Any CPU.Build.0 = Debug|Any CPU
		{05CF752C-933B-43A3-85EE-C99D49552E63}.Debug|x64.ActiveCfg = Debug|Any CPU
		{05CF752C-933B-43A3-85EE-C99D49552E63}.Debug|x64.Build.0 = Debug|Any CPU
		{05CF752C-933B-43A3-85EE-C99D49552E63}.Debug|x86.ActiveCfg = Debug|Any CPU
		{05CF752C-933B-43A3-85EE-C99D49552E63}.Debug|x86.Build.0 = Debug|Any CPU
		{05CF752C-933B-43A3-85EE-C99D49552E63}.Release|Any CPU.ActiveCfg = Release|Any CPU
		{05CF752C-933B-43A3-85EE-C99D49552E63}.Release|Any CPU.Build.0 = Release|Any CPU
		{05CF752C-933B-43A3-85EE-C99D49552E63}.Release|x64.ActiveCfg = Release|Any CPU
		{05CF752C-933B-43A3-85EE-C99D49552E63}.Release|x64.Build.0 = Release|Any CPU
		{05CF752C-933B-43A3-85EE-C99D49552E63}.Release|x86.ActiveCfg = Release|Any CPU
		{05CF752C-933B-43A3-85EE-C99D49552E63}.Release|x86.Build.0 = Release|Any CPU
		{250BC302-B77E-4122-AA48-94910A46332F}.Debug|Any CPU.ActiveCfg = Debug|Any CPU
		{250BC302-B77E-4122-AA48-94910A46332F}.Debug|Any CPU.Build.0 = Debug|Any CPU
		{250BC302-B77E-4122-AA48-94910A46332F}.Debug|x64.ActiveCfg = Debug|Any CPU
		{250BC302-B77E-4122-AA48-94910A46332F}.Debug|x64.Build.0 = Debug|Any CPU
		{250BC302-B77E-4122-AA48-94910A46332F}.Debug|x86.ActiveCfg = Debug|Any CPU
		{250BC302-B77E-4122-AA48-94910A46332F}.Debug|x86.Build.0 = Debug|Any CPU
		{250BC302-B77E-4122-AA48-94910A46332F}.Release|Any CPU.ActiveCfg = Release|Any CPU
		{250BC302-B77E-4122-AA48-94910A46332F}.Release|Any CPU.Build.0 = Release|Any CPU
		{250BC302-B77E-4122-AA48-94910A46332F}.Release|x64.ActiveCfg = Release|Any CPU
		{250BC302-B77E-4122-AA48-94910A46332F}.Release|x64.Build.0 = Release|Any CPU
		{250BC302-B77E-4122-AA48-94910A46332F}.Release|x86.ActiveCfg = Release|Any CPU
		{250BC302-B77E-4122-AA48-94910A46332F}.Release|x86.Build.0 = Release|Any CPU
		{18F767EE-0A0F-413A-A6F1-F087DAF6C4C2}.Debug|Any CPU.ActiveCfg = Debug|Any CPU
		{18F767EE-0A0F-413A-A6F1-F087DAF6C4C2}.Debug|Any CPU.Build.0 = Debug|Any CPU
		{18F767EE-0A0F-413A-A6F1-F087DAF6C4C2}.Debug|x64.ActiveCfg = Debug|Any CPU
		{18F767EE-0A0F-413A-A6F1-F087DAF6C4C2}.Debug|x64.Build.0 = Debug|Any CPU
		{18F767EE-0A0F-413A-A6F1-F087DAF6C4C2}.Debug|x86.ActiveCfg = Debug|Any CPU
		{18F767EE-0A0F-413A-A6F1-F087DAF6C4C2}.Debug|x86.Build.0 = Debug|Any CPU
		{18F767EE-0A0F-413A-A6F1-F087DAF6C4C2}.Release|Any CPU.ActiveCfg = Release|Any CPU
		{18F767EE-0A0F-413A-A6F1-F087DAF6C4C2}.Release|Any CPU.Build.0 = Release|Any CPU
		{18F767EE-0A0F-413A-A6F1-F087DAF6C4C2}.Release|x64.ActiveCfg = Release|Any CPU
		{18F767EE-0A0F-413A-A6F1-F087DAF6C4C2}.Release|x64.Build.0 = Release|Any CPU
		{18F767EE-0A0F-413A-A6F1-F087DAF6C4C2}.Release|x86.ActiveCfg = Release|Any CPU
		{18F767EE-0A0F-413A-A6F1-F087DAF6C4C2}.Release|x86.Build.0 = Release|Any CPU
		{C43FDBC7-8C28-4D6A-8938-9FC07C897ABE}.Debug|Any CPU.ActiveCfg = Debug|Any CPU
		{C43FDBC7-8C28-4D6A-8938-9FC07C897ABE}.Debug|Any CPU.Build.0 = Debug|Any CPU
		{C43FDBC7-8C28-4D6A-8938-9FC07C897ABE}.Debug|x64.ActiveCfg = Debug|Any CPU
		{C43FDBC7-8C28-4D6A-8938-9FC07C897ABE}.Debug|x64.Build.0 = Debug|Any CPU
		{C43FDBC7-8C28-4D6A-8938-9FC07C897ABE}.Debug|x86.ActiveCfg = Debug|Any CPU
		{C43FDBC7-8C28-4D6A-8938-9FC07C897ABE}.Debug|x86.Build.0 = Debug|Any CPU
		{C43FDBC7-8C28-4D6A-8938-9FC07C897ABE}.Release|Any CPU.ActiveCfg = Release|Any CPU
		{C43FDBC7-8C28-4D6A-8938-9FC07C897ABE}.Release|Any CPU.Build.0 = Release|Any CPU
		{C43FDBC7-8C28-4D6A-8938-9FC07C897ABE}.Release|x64.ActiveCfg = Release|Any CPU
		{C43FDBC7-8C28-4D6A-8938-9FC07C897ABE}.Release|x64.Build.0 = Release|Any CPU
		{C43FDBC7-8C28-4D6A-8938-9FC07C897ABE}.Release|x86.ActiveCfg = Release|Any CPU
		{C43FDBC7-8C28-4D6A-8938-9FC07C897ABE}.Release|x86.Build.0 = Release|Any CPU
		{09B1DFD0-7BA9-4C1C-8B10-869D00166740}.Debug|Any CPU.ActiveCfg = Debug|Any CPU
		{09B1DFD0-7BA9-4C1C-8B10-869D00166740}.Debug|Any CPU.Build.0 = Debug|Any CPU
		{09B1DFD0-7BA9-4C1C-8B10-869D00166740}.Debug|x64.ActiveCfg = Debug|Any CPU
		{09B1DFD0-7BA9-4C1C-8B10-869D00166740}.Debug|x64.Build.0 = Debug|Any CPU
		{09B1DFD0-7BA9-4C1C-8B10-869D00166740}.Debug|x86.ActiveCfg = Debug|Any CPU
		{09B1DFD0-7BA9-4C1C-8B10-869D00166740}.Debug|x86.Build.0 = Debug|Any CPU
		{09B1DFD0-7BA9-4C1C-8B10-869D00166740}.Release|Any CPU.ActiveCfg = Release|Any CPU
		{09B1DFD0-7BA9-4C1C-8B10-869D00166740}.Release|Any CPU.Build.0 = Release|Any CPU
		{09B1DFD0-7BA9-4C1C-8B10-869D00166740}.Release|x64.ActiveCfg = Release|Any CPU
		{09B1DFD0-7BA9-4C1C-8B10-869D00166740}.Release|x64.Build.0 = Release|Any CPU
		{09B1DFD0-7BA9-4C1C-8B10-869D00166740}.Release|x86.ActiveCfg = Release|Any CPU
		{09B1DFD0-7BA9-4C1C-8B10-869D00166740}.Release|x86.Build.0 = Release|Any CPU
		{BD3E1600-71F6-4EDF-8A85-90C29018397D}.Debug|Any CPU.ActiveCfg = Debug|Any CPU
		{BD3E1600-71F6-4EDF-8A85-90C29018397D}.Debug|Any CPU.Build.0 = Debug|Any CPU
		{BD3E1600-71F6-4EDF-8A85-90C29018397D}.Debug|x64.ActiveCfg = Debug|Any CPU
		{BD3E1600-71F6-4EDF-8A85-90C29018397D}.Debug|x64.Build.0 = Debug|Any CPU
		{BD3E1600-71F6-4EDF-8A85-90C29018397D}.Debug|x86.ActiveCfg = Debug|Any CPU
		{BD3E1600-71F6-4EDF-8A85-90C29018397D}.Debug|x86.Build.0 = Debug|Any CPU
		{BD3E1600-71F6-4EDF-8A85-90C29018397D}.Release|Any CPU.ActiveCfg = Release|Any CPU
		{BD3E1600-71F6-4EDF-8A85-90C29018397D}.Release|Any CPU.Build.0 = Release|Any CPU
		{BD3E1600-71F6-4EDF-8A85-90C29018397D}.Release|x64.ActiveCfg = Release|Any CPU
		{BD3E1600-71F6-4EDF-8A85-90C29018397D}.Release|x64.Build.0 = Release|Any CPU
		{BD3E1600-71F6-4EDF-8A85-90C29018397D}.Release|x86.ActiveCfg = Release|Any CPU
		{BD3E1600-71F6-4EDF-8A85-90C29018397D}.Release|x86.Build.0 = Release|Any CPU
		{0BDE119F-8ACE-49AA-BD86-9F67E4A334CD}.Debug|Any CPU.ActiveCfg = Debug|Any CPU
		{0BDE119F-8ACE-49AA-BD86-9F67E4A334CD}.Debug|Any CPU.Build.0 = Debug|Any CPU
		{0BDE119F-8ACE-49AA-BD86-9F67E4A334CD}.Debug|x64.ActiveCfg = Debug|Any CPU
		{0BDE119F-8ACE-49AA-BD86-9F67E4A334CD}.Debug|x64.Build.0 = Debug|Any CPU
		{0BDE119F-8ACE-49AA-BD86-9F67E4A334CD}.Debug|x86.ActiveCfg = Debug|Any CPU
		{0BDE119F-8ACE-49AA-BD86-9F67E4A334CD}.Debug|x86.Build.0 = Debug|Any CPU
		{0BDE119F-8ACE-49AA-BD86-9F67E4A334CD}.Release|Any CPU.ActiveCfg = Release|Any CPU
		{0BDE119F-8ACE-49AA-BD86-9F67E4A334CD}.Release|Any CPU.Build.0 = Release|Any CPU
		{0BDE119F-8ACE-49AA-BD86-9F67E4A334CD}.Release|x64.ActiveCfg = Release|Any CPU
		{0BDE119F-8ACE-49AA-BD86-9F67E4A334CD}.Release|x64.Build.0 = Release|Any CPU
		{0BDE119F-8ACE-49AA-BD86-9F67E4A334CD}.Release|x86.ActiveCfg = Release|Any CPU
		{0BDE119F-8ACE-49AA-BD86-9F67E4A334CD}.Release|x86.Build.0 = Release|Any CPU
		{6150E37B-6810-4C30-ABB0-1EE5A98193B9}.Debug|Any CPU.ActiveCfg = Debug|Any CPU
		{6150E37B-6810-4C30-ABB0-1EE5A98193B9}.Debug|Any CPU.Build.0 = Debug|Any CPU
		{6150E37B-6810-4C30-ABB0-1EE5A98193B9}.Debug|x64.ActiveCfg = Debug|Any CPU
		{6150E37B-6810-4C30-ABB0-1EE5A98193B9}.Debug|x64.Build.0 = Debug|Any CPU
		{6150E37B-6810-4C30-ABB0-1EE5A98193B9}.Debug|x86.ActiveCfg = Debug|Any CPU
		{6150E37B-6810-4C30-ABB0-1EE5A98193B9}.Debug|x86.Build.0 = Debug|Any CPU
		{6150E37B-6810-4C30-ABB0-1EE5A98193B9}.Release|Any CPU.ActiveCfg = Release|Any CPU
		{6150E37B-6810-4C30-ABB0-1EE5A98193B9}.Release|Any CPU.Build.0 = Release|Any CPU
		{6150E37B-6810-4C30-ABB0-1EE5A98193B9}.Release|x64.ActiveCfg = Release|Any CPU
		{6150E37B-6810-4C30-ABB0-1EE5A98193B9}.Release|x64.Build.0 = Release|Any CPU
		{6150E37B-6810-4C30-ABB0-1EE5A98193B9}.Release|x86.ActiveCfg = Release|Any CPU
		{6150E37B-6810-4C30-ABB0-1EE5A98193B9}.Release|x86.Build.0 = Release|Any CPU
		{198A179B-462C-4B87-9145-6B6FF2CF9F97}.Debug|Any CPU.ActiveCfg = Debug|Any CPU
		{198A179B-462C-4B87-9145-6B6FF2CF9F97}.Debug|Any CPU.Build.0 = Debug|Any CPU
		{198A179B-462C-4B87-9145-6B6FF2CF9F97}.Debug|x64.ActiveCfg = Debug|Any CPU
		{198A179B-462C-4B87-9145-6B6FF2CF9F97}.Debug|x64.Build.0 = Debug|Any CPU
		{198A179B-462C-4B87-9145-6B6FF2CF9F97}.Debug|x86.ActiveCfg = Debug|Any CPU
		{198A179B-462C-4B87-9145-6B6FF2CF9F97}.Debug|x86.Build.0 = Debug|Any CPU
		{198A179B-462C-4B87-9145-6B6FF2CF9F97}.Release|Any CPU.ActiveCfg = Release|Any CPU
		{198A179B-462C-4B87-9145-6B6FF2CF9F97}.Release|Any CPU.Build.0 = Release|Any CPU
		{198A179B-462C-4B87-9145-6B6FF2CF9F97}.Release|x64.ActiveCfg = Release|Any CPU
		{198A179B-462C-4B87-9145-6B6FF2CF9F97}.Release|x64.Build.0 = Release|Any CPU
		{198A179B-462C-4B87-9145-6B6FF2CF9F97}.Release|x86.ActiveCfg = Release|Any CPU
		{198A179B-462C-4B87-9145-6B6FF2CF9F97}.Release|x86.Build.0 = Release|Any CPU
		{21D10498-B0AE-4FA9-BB30-D130B613ADAB}.Debug|Any CPU.ActiveCfg = Debug|Any CPU
		{21D10498-B0AE-4FA9-BB30-D130B613ADAB}.Debug|Any CPU.Build.0 = Debug|Any CPU
		{21D10498-B0AE-4FA9-BB30-D130B613ADAB}.Debug|x64.ActiveCfg = Debug|Any CPU
		{21D10498-B0AE-4FA9-BB30-D130B613ADAB}.Debug|x64.Build.0 = Debug|Any CPU
		{21D10498-B0AE-4FA9-BB30-D130B613ADAB}.Debug|x86.ActiveCfg = Debug|Any CPU
		{21D10498-B0AE-4FA9-BB30-D130B613ADAB}.Debug|x86.Build.0 = Debug|Any CPU
		{21D10498-B0AE-4FA9-BB30-D130B613ADAB}.Release|Any CPU.ActiveCfg = Release|Any CPU
		{21D10498-B0AE-4FA9-BB30-D130B613ADAB}.Release|Any CPU.Build.0 = Release|Any CPU
		{21D10498-B0AE-4FA9-BB30-D130B613ADAB}.Release|x64.ActiveCfg = Release|Any CPU
		{21D10498-B0AE-4FA9-BB30-D130B613ADAB}.Release|x64.Build.0 = Release|Any CPU
		{21D10498-B0AE-4FA9-BB30-D130B613ADAB}.Release|x86.ActiveCfg = Release|Any CPU
		{21D10498-B0AE-4FA9-BB30-D130B613ADAB}.Release|x86.Build.0 = Release|Any CPU
		{698EB159-E0A9-4B27-AF3E-6A947699FCAE}.Debug|Any CPU.ActiveCfg = Debug|Any CPU
		{698EB159-E0A9-4B27-AF3E-6A947699FCAE}.Debug|Any CPU.Build.0 = Debug|Any CPU
		{698EB159-E0A9-4B27-AF3E-6A947699FCAE}.Debug|x64.ActiveCfg = Debug|Any CPU
		{698EB159-E0A9-4B27-AF3E-6A947699FCAE}.Debug|x64.Build.0 = Debug|Any CPU
		{698EB159-E0A9-4B27-AF3E-6A947699FCAE}.Debug|x86.ActiveCfg = Debug|Any CPU
		{698EB159-E0A9-4B27-AF3E-6A947699FCAE}.Debug|x86.Build.0 = Debug|Any CPU
		{698EB159-E0A9-4B27-AF3E-6A947699FCAE}.Release|Any CPU.ActiveCfg = Release|Any CPU
		{698EB159-E0A9-4B27-AF3E-6A947699FCAE}.Release|Any CPU.Build.0 = Release|Any CPU
		{698EB159-E0A9-4B27-AF3E-6A947699FCAE}.Release|x64.ActiveCfg = Release|Any CPU
		{698EB159-E0A9-4B27-AF3E-6A947699FCAE}.Release|x64.Build.0 = Release|Any CPU
		{698EB159-E0A9-4B27-AF3E-6A947699FCAE}.Release|x86.ActiveCfg = Release|Any CPU
		{698EB159-E0A9-4B27-AF3E-6A947699FCAE}.Release|x86.Build.0 = Release|Any CPU
		{798DB646-747F-43EB-9A35-CE7A9DD92DDA}.Debug|Any CPU.ActiveCfg = Debug|Any CPU
		{798DB646-747F-43EB-9A35-CE7A9DD92DDA}.Debug|Any CPU.Build.0 = Debug|Any CPU
		{798DB646-747F-43EB-9A35-CE7A9DD92DDA}.Debug|x64.ActiveCfg = Debug|Any CPU
		{798DB646-747F-43EB-9A35-CE7A9DD92DDA}.Debug|x64.Build.0 = Debug|Any CPU
		{798DB646-747F-43EB-9A35-CE7A9DD92DDA}.Debug|x86.ActiveCfg = Debug|Any CPU
		{798DB646-747F-43EB-9A35-CE7A9DD92DDA}.Debug|x86.Build.0 = Debug|Any CPU
		{798DB646-747F-43EB-9A35-CE7A9DD92DDA}.Release|Any CPU.ActiveCfg = Release|Any CPU
		{798DB646-747F-43EB-9A35-CE7A9DD92DDA}.Release|Any CPU.Build.0 = Release|Any CPU
		{798DB646-747F-43EB-9A35-CE7A9DD92DDA}.Release|x64.ActiveCfg = Release|Any CPU
		{798DB646-747F-43EB-9A35-CE7A9DD92DDA}.Release|x64.Build.0 = Release|Any CPU
		{798DB646-747F-43EB-9A35-CE7A9DD92DDA}.Release|x86.ActiveCfg = Release|Any CPU
		{798DB646-747F-43EB-9A35-CE7A9DD92DDA}.Release|x86.Build.0 = Release|Any CPU
	EndGlobalSection
	GlobalSection(SolutionProperties) = preSolution
		HideSolutionNode = FALSE
	EndGlobalSection
	GlobalSection(NestedProjects) = preSolution
		{FCA01246-F2C6-0AA7-D43F-FD13BE0B9D88} = {827E0CD3-B72D-47B6-A68D-7590B98EB39B}
		{3E48C7E7-34D8-4060-95F5-5A51564C8F6F} = {FCA01246-F2C6-0AA7-D43F-FD13BE0B9D88}
		{C8A81FA1-00A6-A89E-D121-D71451D98C8A} = {827E0CD3-B72D-47B6-A68D-7590B98EB39B}
		{BD5E5F8B-C967-4211-9A3B-76A2F28F0EFC} = {C8A81FA1-00A6-A89E-D121-D71451D98C8A}
		{05CF752C-933B-43A3-85EE-C99D49552E63} = {C8A81FA1-00A6-A89E-D121-D71451D98C8A}
		{250BC302-B77E-4122-AA48-94910A46332F} = {C8A81FA1-00A6-A89E-D121-D71451D98C8A}
		{18F767EE-0A0F-413A-A6F1-F087DAF6C4C2} = {C8A81FA1-00A6-A89E-D121-D71451D98C8A}
		{2DE6B99F-25A9-E298-F955-32C80CB8FD08} = {827E0CD3-B72D-47B6-A68D-7590B98EB39B}
		{C43FDBC7-8C28-4D6A-8938-9FC07C897ABE} = {2DE6B99F-25A9-E298-F955-32C80CB8FD08}
		{C8E42992-5E42-0C2B-DBFE-AA848D06431C} = {827E0CD3-B72D-47B6-A68D-7590B98EB39B}
		{09B1DFD0-7BA9-4C1C-8B10-869D00166740} = {C8E42992-5E42-0C2B-DBFE-AA848D06431C}
		{A024EC37-967E-70DB-4828-DAA22AD1755C} = {827E0CD3-B72D-47B6-A68D-7590B98EB39B}
		{BD3E1600-71F6-4EDF-8A85-90C29018397D} = {A024EC37-967E-70DB-4828-DAA22AD1755C}
		{0BDE119F-8ACE-49AA-BD86-9F67E4A334CD} = {A024EC37-967E-70DB-4828-DAA22AD1755C}
		{6150E37B-6810-4C30-ABB0-1EE5A98193B9} = {A024EC37-967E-70DB-4828-DAA22AD1755C}
		{198A179B-462C-4B87-9145-6B6FF2CF9F97} = {A024EC37-967E-70DB-4828-DAA22AD1755C}
		{92B05973-B819-301F-9979-D91AB9CA451B} = {0AB3BF05-4346-4AA6-1389-037BE0695223}
		{21D10498-B0AE-4FA9-BB30-D130B613ADAB} = {92B05973-B819-301F-9979-D91AB9CA451B}
		{62B5A032-8BA1-A919-5A93-A2FCBCA48205} = {0AB3BF05-4346-4AA6-1389-037BE0695223}
		{698EB159-E0A9-4B27-AF3E-6A947699FCAE} = {62B5A032-8BA1-A919-5A93-A2FCBCA48205}
		{D0D6B8B0-AC35-B3FA-0B96-A9B0E4A3253E} = {0AB3BF05-4346-4AA6-1389-037BE0695223}
		{798DB646-747F-43EB-9A35-CE7A9DD92DDA} = {D0D6B8B0-AC35-B3FA-0B96-A9B0E4A3253E}
	EndGlobalSection
EndGlobal
