
Microsoft Visual Studio Solution File, Format Version 12.00
Project("{FAE04EC0-301F-11D3-BF4B-00C04F79EFBC}") = "FavoriteRates.UsersService", "src\UsersService\FavoriteRates.UsersService\FavoriteRates.UsersService.csproj", "{B1BD1824-19A9-4051-8C21-C2BDB603D51F}"
EndProject
Project("{FAE04EC0-301F-11D3-BF4B-00C04F79EFBC}") = "FavoriteRates.UsersService.Application", "src\UsersService\FavoriteRates.UsersService.Application\FavoriteRates.UsersService.Application.csproj", "{7AE5E7DE-11EC-41DD-A5D5-D6F23EF2F0A9}"
EndProject
Project("{FAE04EC0-301F-11D3-BF4B-00C04F79EFBC}") = "FavoriteRates.UsersService.UnitTests", "tests\UsersService\FavoriteRates.UsersService.UnitTests\FavoriteRates.UsersService.UnitTests.csproj", "{CD01FFDB-3865-4D6E-A2D2-1B8E4D120994}"
EndProject
Project("{FAE04EC0-301F-11D3-BF4B-00C04F79EFBC}") = "FavoriteRates.UsersService.Domain", "src\UsersService\FavoriteRates.UsersService.Domain\FavoriteRates.UsersService.Domain.csproj", "{98406A8F-85C3-40D0-A2C1-4159C7E8C5C9}"
EndProject
Project("{FAE04EC0-301F-11D3-BF4B-00C04F79EFBC}") = "FavoriteRates.UsersService.Infrastructure", "src\UsersService\FavoriteRates.UsersService.Infrastructure\FavoriteRates.UsersService.Infrastructure.csproj", "{0994F148-9B2B-4BB3-AC42-6585F649B48F}"
EndProject
Project("{FAE04EC0-301F-11D3-BF4B-00C04F79EFBC}") = "FavoriteRates.MigrationsService", "src\MigrationsService\FavoriteRates.MigrationsService\FavoriteRates.MigrationsService.csproj", "{64A58EED-A0C4-4579-8900-BDF80D2B0BBE}"
EndProject
Project("{2150E333-8FDC-42A3-9474-1A3956D46DE8}") = "Solution Items", "Solution Items", "{616D6969-1485-4832-9939-E1BF2DC952CF}"
	ProjectSection(SolutionItems) = preProject
		docker-compose.yaml = docker-compose.yaml
	EndProjectSection
EndProject
Global
	GlobalSection(SolutionConfigurationPlatforms) = preSolution
		Debug|Any CPU = Debug|Any CPU
		Release|Any CPU = Release|Any CPU
	EndGlobalSection
	GlobalSection(ProjectConfigurationPlatforms) = postSolution
		{B1BD1824-19A9-4051-8C21-C2BDB603D51F}.Debug|Any CPU.ActiveCfg = Debug|Any CPU
		{B1BD1824-19A9-4051-8C21-C2BDB603D51F}.Debug|Any CPU.Build.0 = Debug|Any CPU
		{B1BD1824-19A9-4051-8C21-C2BDB603D51F}.Release|Any CPU.ActiveCfg = Release|Any CPU
		{B1BD1824-19A9-4051-8C21-C2BDB603D51F}.Release|Any CPU.Build.0 = Release|Any CPU
		{7AE5E7DE-11EC-41DD-A5D5-D6F23EF2F0A9}.Debug|Any CPU.ActiveCfg = Debug|Any CPU
		{7AE5E7DE-11EC-41DD-A5D5-D6F23EF2F0A9}.Debug|Any CPU.Build.0 = Debug|Any CPU
		{7AE5E7DE-11EC-41DD-A5D5-D6F23EF2F0A9}.Release|Any CPU.ActiveCfg = Release|Any CPU
		{7AE5E7DE-11EC-41DD-A5D5-D6F23EF2F0A9}.Release|Any CPU.Build.0 = Release|Any CPU
		{CD01FFDB-3865-4D6E-A2D2-1B8E4D120994}.Debug|Any CPU.ActiveCfg = Debug|Any CPU
		{CD01FFDB-3865-4D6E-A2D2-1B8E4D120994}.Debug|Any CPU.Build.0 = Debug|Any CPU
		{CD01FFDB-3865-4D6E-A2D2-1B8E4D120994}.Release|Any CPU.ActiveCfg = Release|Any CPU
		{CD01FFDB-3865-4D6E-A2D2-1B8E4D120994}.Release|Any CPU.Build.0 = Release|Any CPU
		{98406A8F-85C3-40D0-A2C1-4159C7E8C5C9}.Debug|Any CPU.ActiveCfg = Debug|Any CPU
		{98406A8F-85C3-40D0-A2C1-4159C7E8C5C9}.Debug|Any CPU.Build.0 = Debug|Any CPU
		{98406A8F-85C3-40D0-A2C1-4159C7E8C5C9}.Release|Any CPU.ActiveCfg = Release|Any CPU
		{98406A8F-85C3-40D0-A2C1-4159C7E8C5C9}.Release|Any CPU.Build.0 = Release|Any CPU
		{0994F148-9B2B-4BB3-AC42-6585F649B48F}.Debug|Any CPU.ActiveCfg = Debug|Any CPU
		{0994F148-9B2B-4BB3-AC42-6585F649B48F}.Debug|Any CPU.Build.0 = Debug|Any CPU
		{0994F148-9B2B-4BB3-AC42-6585F649B48F}.Release|Any CPU.ActiveCfg = Release|Any CPU
		{0994F148-9B2B-4BB3-AC42-6585F649B48F}.Release|Any CPU.Build.0 = Release|Any CPU
		{64A58EED-A0C4-4579-8900-BDF80D2B0BBE}.Debug|Any CPU.ActiveCfg = Debug|Any CPU
		{64A58EED-A0C4-4579-8900-BDF80D2B0BBE}.Debug|Any CPU.Build.0 = Debug|Any CPU
		{64A58EED-A0C4-4579-8900-BDF80D2B0BBE}.Release|Any CPU.ActiveCfg = Release|Any CPU
		{64A58EED-A0C4-4579-8900-BDF80D2B0BBE}.Release|Any CPU.Build.0 = Release|Any CPU
	EndGlobalSection
EndGlobal
